lockfileVersion: '6.0'

settings:
  autoInstallPeers: true
  excludeLinksFromLockfile: false

dependencies:
  vue:
    specifier: 3.2.27
    version: 3.2.27

devDependencies:
  rollup:
    specifier: ^4.5.2
    version: 4.5.2
  rollup-plugin-vue:
    specifier: ^6.0.0
    version: 6.0.0(@vue/compiler-sfc@3.2.27)

packages:

  /@babel/helper-string-parser@7.23.4:
    resolution: {integrity: sha512-803gmbQdqwdf4olxrX4AJyFBV/RTr3rSmOj0rKwesmzlfhYNDEs+/iOcznzpNWlJlIlTJC2QfPFcHB6DlzdVLQ==}
    engines: {node: '>=6.9.0'}

  /@babel/helper-validator-identifier@7.22.20:
    resolution: {integrity: sha512-Y4OZ+ytlatR8AI+8KZfKuL5urKp7qey08ha31L8b3BwewJAoJamTzyvxPR/5D+KkdJCGPq/+8TukHBlY10FX9A==}
    engines: {node: '>=6.9.0'}

  /@babel/parser@7.23.4:
    resolution: {integrity: sha512-vf3Xna6UEprW+7t6EtOmFpHNAuxw3xqPZghy+brsnusscJRW5BMUzzHZc5ICjULee81WeUV2jjakG09MDglJXQ==}
    engines: {node: '>=6.0.0'}
    hasBin: true
    dependencies:
      '@babel/types': 7.23.4

  /@babel/types@7.23.4:
    resolution: {integrity: sha512-7uIFwVYpoplT5jp/kVv6EF93VaJ8H+Yn5IczYiaAi98ajzjfoZfslet/e0sLh+wVBjb2qqIut1b0S26VSafsSQ==}
    engines: {node: '>=6.9.0'}
    dependencies:
      '@babel/helper-string-parser': 7.23.4
      '@babel/helper-validator-identifier': 7.22.20
      to-fast-properties: 2.0.0

  /@rollup/rollup-android-arm-eabi@4.5.2:
    resolution: {integrity: sha512-ee7BudTwwrglFYSc3UnqInDDjCLWHKrFmGNi4aK7jlEyg4CyPa1DCMrZfsN1O13YT76UFEqXz2CoN7BCGpUlJw==}
    cpu: [arm]
    os: [android]
    requiresBuild: true
    dev: true
    optional: true

  /@rollup/rollup-android-arm64@4.5.2:
    resolution: {integrity: sha512-xOuhj9HHtn8128ir8veoQsBbAUBasDbHIBniYTEx02pAmu9EXL+ZjJqngnNEy6ZgZ4h1JwL33GMNu3yJL5Mzow==}
    cpu: [arm64]
    os: [android]
    requiresBuild: true
    dev: true
    optional: true

  /@rollup/rollup-darwin-arm64@4.5.2:
    resolution: {integrity: sha512-NTGJWoL8bKyqyWFn9/RzSv4hQ4wTbaAv0lHHRwf4OnpiiP4P8W0jiXbm8Nc5BCXKmWAwuvJY82mcIU2TayC20g==}
    cpu: [arm64]
    os: [darwin]
    requiresBuild: true
    dev: true
    optional: true

  /@rollup/rollup-darwin-x64@4.5.2:
    resolution: {integrity: sha512-hlKqj7bpPvU15sZo4za14u185lpMzdwWLMc9raMqPK4wywt0wR23y1CaVQ4oAFXat3b5/gmRntyfpwWTKl+vvA==}
    cpu: [x64]
    os: [darwin]
    requiresBuild: true
    dev: true
    optional: true

  /@rollup/rollup-linux-arm-gnueabihf@4.5.2:
    resolution: {integrity: sha512-7ZIZx8c3u+pfI0ohQsft/GywrXez0uR6dUP0JhBuCK3sFO5TfdLn/YApnVkvPxuTv3+YKPIZend9Mt7Cz6sS3Q==}
    cpu: [arm]
    os: [linux]
    requiresBuild: true
    dev: true
    optional: true

  /@rollup/rollup-linux-arm64-gnu@4.5.2:
    resolution: {integrity: sha512-7Pk/5mO11JW/cH+a8lL/i0ZxmRGrbpYqN0VwO2DHhU+SJWWOH2zE1RAcPaj8KqiwC8DCDIJOSxjV9+9lLb6aeA==}
    cpu: [arm64]
    os: [linux]
    requiresBuild: true
    dev: true
    optional: true

  /@rollup/rollup-linux-arm64-musl@4.5.2:
    resolution: {integrity: sha512-KrRnuG5phJx756e62wxvWH2e+TK84MP2IVuPwfge+GBvWqIUfVzFRn09TKruuQBXzZp52Vyma7FjMDkwlA9xpg==}
    cpu: [arm64]
    os: [linux]
    requiresBuild: true
    dev: true
    optional: true

  /@rollup/rollup-linux-x64-gnu@4.5.2:
    resolution: {integrity: sha512-My+53GasPa2D2tU5dXiyHYwrELAUouSfkNlZ3bUKpI7btaztO5vpALEs3mvFjM7aKTvEbc7GQckuXeXIDKQ0fg==}
    cpu: [x64]
    os: [linux]
    requiresBuild: true
    dev: true
    optional: true

  /@rollup/rollup-linux-x64-musl@4.5.2:
    resolution: {integrity: sha512-/f0Q6Sc+Vw54Ws6N8fxaEe4R7at3b8pFyv+O/F2VaQ4hODUJcRUcCBJh6zuqtgQQt7w845VTkGLFgWZkP3tUoQ==}
    cpu: [x64]
    os: [linux]
    requiresBuild: true
    dev: true
    optional: true

  /@rollup/rollup-win32-arm64-msvc@4.5.2:
    resolution: {integrity: sha512-NCKuuZWLht6zj7s6EIFef4BxCRX1GMr83S2W4HPCA0RnJ4iHE4FS1695q6Ewoa6A9nFjJe1//yUu0kgBU07Edw==}
    cpu: [arm64]
    os: [win32]
    requiresBuild: true
    dev: true
    optional: true

  /@rollup/rollup-win32-ia32-msvc@4.5.2:
    resolution: {integrity: sha512-J5zL3riR4AOyU/J3M/i4k/zZ8eP1yT+nTmAKztCXJtnI36jYH0eepvob22mAQ/kLwfsK2TB6dbyVY1F8c/0H5A==}
    cpu: [ia32]
    os: [win32]
    requiresBuild: true
    dev: true
    optional: true

  /@rollup/rollup-win32-x64-msvc@4.5.2:
    resolution: {integrity: sha512-pL0RXRHuuGLhvs7ayX/SAHph1hrDPXOM5anyYUQXWJEENxw3nfHkzv8FfVlEVcLyKPAEgDRkd6RKZq2SMqS/yg==}
    cpu: [x64]
    os: [win32]
    requiresBuild: true
    dev: true
    optional: true

  /@vue/compiler-core@3.2.27:
    resolution: {integrity: sha512-JyxAglSM/pb9paG5ZNuKrf5IUpzLzQA3khjWGF9oESELCLQlt6O3YyPMR2A69wIpYWrf5mScZ8YY8TJKOI/1kQ==}
    dependencies:
      '@babel/parser': 7.23.4
      '@vue/shared': 3.2.27
      estree-walker: 2.0.2
      source-map: 0.6.1

  /@vue/compiler-dom@3.2.27:
    resolution: {integrity: sha512-NyQ7nEbopUBPUMHM4c3FPCbFbnQwptoPjW5Y5qfJ7hfiCNhOuhQsDNqi5JYKBxfpxiFNwjcN9F8t1AsnLrDloQ==}
    dependencies:
      '@vue/compiler-core': 3.2.27
      '@vue/shared': 3.2.27

  /@vue/compiler-sfc@3.2.27:
    resolution: {integrity: sha512-WyecUhLN5UAQAr2QlmG2nA56OEnhZJaBnSw0G1tazb9rwDuK0V9tnbIXbQgmQlx+x4sJxgg61yWGcIXfilTl3A==}
    dependencies:
      '@babel/parser': 7.23.4
      '@vue/compiler-core': 3.2.27
      '@vue/compiler-dom': 3.2.27
      '@vue/compiler-ssr': 3.2.27
      '@vue/reactivity-transform': 3.2.27
      '@vue/shared': 3.2.27
      estree-walker: 2.0.2
      magic-string: 0.25.9
      postcss: 8.4.31
      source-map: 0.6.1

  /@vue/compiler-ssr@3.2.27:
    resolution: {integrity: sha512-+l09t319iV7HVSrXfBw9OLwMZIPOFTXmHjZ61Bc5ZcwKqOYAR4uTurKpoXAfcSc5qs/q6WdE9jY3nrP0LUEMQQ==}
    dependencies:
      '@vue/compiler-dom': 3.2.27
      '@vue/shared': 3.2.27

  /@vue/reactivity-transform@3.2.27:
    resolution: {integrity: sha512-67//61ObGxGnVrPhjygocb24eYUh+TFMhkm7szm8v5XdKXjkNl7qgIOflwGvUnwuIRJmr9nZ7+PvY0fL+H2upA==}
    dependencies:
      '@babel/parser': 7.23.4
      '@vue/compiler-core': 3.2.27
      '@vue/shared': 3.2.27
      estree-walker: 2.0.2
      magic-string: 0.25.9

  /@vue/reactivity@3.2.27:
    resolution: {integrity: sha512-QPfIQEJidRGIu/mPexhcB4csp1LEg2Nr+/QE72MnXs/OYDtFErhC9FxIyymkxp/xvAgL5wsnSOuDD6zWF42vRQ==}
    dependencies:
      '@vue/shared': 3.2.27
    dev: false

  /@vue/runtime-core@3.2.27:
    resolution: {integrity: sha512-NJrjuViHJyrT4bwIocbE4XDaDlA1Pj61pQlneZZdFEvgdMLlhzCCiJ4WZnWcohYQeisUAZjEFKK8GjQieDPFbw==}
    dependencies:
      '@vue/reactivity': 3.2.27
      '@vue/shared': 3.2.27
    dev: false

  /@vue/runtime-dom@3.2.27:
    resolution: {integrity: sha512-tlnKkvBSkV7MPUp/wRFsYcv67U1rUeZTPfpPzq5Kpmw5NNGkY6J075fFBH2k0MNxDucXS+qfStNrxAyGTUMkSA==}
    dependencies:
      '@vue/runtime-core': 3.2.27
      '@vue/shared': 3.2.27
      csstype: 2.6.21
    dev: false

  /@vue/server-renderer@3.2.27(vue@3.2.27):
    resolution: {integrity: sha512-dZnzkFCDe6A/GIe/F1LcG6lWpprHVh62DjTv8wubtkHwfJWOmOeHp+KvPDRrswL/L3ghsm+E31xY+pvkgM3pbQ==}
    peerDependencies:
      vue: 3.2.27
    dependencies:
      '@vue/compiler-ssr': 3.2.27
      '@vue/shared': 3.2.27
      vue: 3.2.27
    dev: false

  /@vue/shared@3.2.27:
    resolution: {integrity: sha512-rpAn9k6O08Lvo7ekBIAnkOukX/4EsEQLPrRJBKhIEasMsOI5eX0f6mq1sDUSY7cgAqWw2d7QtP74CWxdXoyKxA==}

  /csstype@2.6.21:
    resolution: {integrity: sha512-Z1PhmomIfypOpoMjRQB70jfvy/wxT50qW08YXO5lMIJkrdq4yOTR+AW7FqutScmB9NkLwxo+jU+kZLbofZZq/w==}
    dev: false

  /debug@4.3.4:
    resolution: {integrity: sha512-PRWFHuSU3eDtQJPvnNY7Jcket1j0t5OuOsFzPPzsekD52Zl8qUfFIPEiswXqIvHWGVHOgX+7G/vCNNhehwxfkQ==}
    engines: {node: '>=6.0'}
    peerDependencies:
      supports-color: '*'
    peerDependenciesMeta:
      supports-color:
        optional: true
    dependencies:
      ms: 2.1.2
    dev: true

  /estree-walker@0.6.1:
    resolution: {integrity: sha512-SqmZANLWS0mnatqbSfRP5g8OXZC12Fgg1IwNtLsyHDzJizORW4khDfjPqJZsemPWBB2uqykUah5YpQ6epsqC/w==}
    dev: true

  /estree-walker@2.0.2:
    resolution: {integrity: sha512-Rfkk/Mp/DL7JVje3u18FxFujQlTNR2q6QfMSMB7AvCBx91NGj/ba3kCfza0f6dVDbw7YlRf/nDrn7pQrCCyQ/w==}

  /fsevents@2.3.3:
    resolution: {integrity: sha512-5xoDfX+fL7faATnagmWPpbFtwh/R77WmMMqqHGS65C3vvB0YHrgF+B1YmZ3441tMj5n63k0212XNoJwzlhffQw==}
    engines: {node: ^8.16.0 || ^10.6.0 || >=11.0.0}
    os: [darwin]
    requiresBuild: true
    dev: true
    optional: true

  /hash-sum@2.0.0:
    resolution: {integrity: sha512-WdZTbAByD+pHfl/g9QSsBIIwy8IT+EsPiKDs0KNX+zSHhdDLFKdZu0BQHljvO+0QI/BasbMSUa8wYNCZTvhslg==}
    dev: true

  /magic-string@0.25.9:
    resolution: {integrity: sha512-RmF0AsMzgt25qzqqLc1+MbHmhdx0ojF2Fvs4XnOqz2ZOBXzzkEwc/dJQZCYHAn7v1jbVOjAZfK8msRn4BxO4VQ==}
    dependencies:
      sourcemap-codec: 1.4.8

  /ms@2.1.2:
    resolution: {integrity: sha512-sGkPx+VjMtmA6MX27oA4FBFELFCZZ4S4XqeGOXCv68tT+jb3vk/RyaKWP0PTKyWtmLSM0b+adUTEvbs1PEaH2w==}
    dev: true

  /nanoid@3.3.7:
    resolution: {integrity: sha512-eSRppjcPIatRIMC1U6UngP8XFcz8MQWGQdt1MTBQ7NaAmvXDfvNxbvWV3x2y6CdEUciCSsDHDQZbhYaB8QEo2g==}
    engines: {node: ^10 || ^12 || ^13.7 || ^14 || >=15.0.1}
    hasBin: true

  /picocolors@1.0.0:
    resolution: {integrity: sha512-1fygroTLlHu66zi26VoTDv8yRgm0Fccecssto+MhsZ0D/DGW2sm8E8AjW7NU5VVTRt5GxbeZ5qBuJr+HyLYkjQ==}

  /postcss@8.4.31:
    resolution: {integrity: sha512-PS08Iboia9mts/2ygV3eLpY5ghnUcfLV/EXTOW1E2qYxJKGGBUtNjN76FYHnMs36RmARn41bC0AZmn+rR0OVpQ==}
    engines: {node: ^10 || ^12 || >=14}
    dependencies:
      nanoid: 3.3.7
      picocolors: 1.0.0
      source-map-js: 1.0.2

  /rollup-plugin-vue@6.0.0(@vue/compiler-sfc@3.2.27):
    resolution: {integrity: sha512-oVvUd84d5u73M2HYM3XsMDLtZRIA/tw2U0dmHlXU2UWP5JARYHzh/U9vcxaN/x/9MrepY7VH3pHFeOhrWpxs/Q==}
    peerDependencies:
      '@vue/compiler-sfc': '*'
    dependencies:
      '@vue/compiler-sfc': 3.2.27
      debug: 4.3.4
      hash-sum: 2.0.0
      rollup-pluginutils: 2.8.2
    transitivePeerDependencies:
      - supports-color
    dev: true

  /rollup-pluginutils@2.8.2:
    resolution: {integrity: sha512-EEp9NhnUkwY8aif6bxgovPHMoMoNr2FulJziTndpt5H9RdwC47GSGuII9XxpSdzVGM0GWrNPHV6ie1LTNJPaLQ==}
    dependencies:
      estree-walker: 0.6.1
    dev: true

  /rollup@4.5.2:
    resolution: {integrity: sha512-CRK1uoROBfkcqrZKyaFcqCcZWNsvJ6yVYZkqTlRocZhO2s5yER6Z3f/QaYtO8RGyloPnmhwgzuPQpNGeK210xQ==}
    engines: {node: '>=18.0.0', npm: '>=8.0.0'}
    hasBin: true
    optionalDependencies:
      '@rollup/rollup-android-arm-eabi': 4.5.2
      '@rollup/rollup-android-arm64': 4.5.2
      '@rollup/rollup-darwin-arm64': 4.5.2
      '@rollup/rollup-darwin-x64': 4.5.2
      '@rollup/rollup-linux-arm-gnueabihf': 4.5.2
      '@rollup/rollup-linux-arm64-gnu': 4.5.2
      '@rollup/rollup-linux-arm64-musl': 4.5.2
      '@rollup/rollup-linux-x64-gnu': 4.5.2
      '@rollup/rollup-linux-x64-musl': 4.5.2
      '@rollup/rollup-win32-arm64-msvc': 4.5.2
      '@rollup/rollup-win32-ia32-msvc': 4.5.2
      '@rollup/rollup-win32-x64-msvc': 4.5.2
      fsevents: 2.3.3
    dev: true

  /source-map-js@1.0.2:
    resolution: {integrity: sha512-R0XvVJ9WusLiqTCEiGCmICCMplcCkIwwR11mOSD9CR5u+IXYdiseeEuXCVAjS54zqwkLcPNnmU4OeJ6tUrWhDw==}
    engines: {node: '>=0.10.0'}

  /source-map@0.6.1:
    resolution: {integrity: sha512-UjgapumWlbMhkBgzT7Ykc5YXUT46F0iKu8SGXq0bcwP5dz/h0Plj6enJqjz1Zbq2l5WaqYnrVbwWOWMyF3F47g==}
    engines: {node: '>=0.10.0'}

  /sourcemap-codec@1.4.8:
    resolution: {integrity: sha512-9NykojV5Uih4lgo5So5dtw+f0JgJX30KCNI8gwhz2J9A15wD0Ml6tjHKwf6fTSa6fAdVBdZeNOs9eJ71qCk8vA==}
    deprecated: Please use @jridgewell/sourcemap-codec instead

  /to-fast-properties@2.0.0:
    resolution: {integrity: sha512-/OaKK0xYrs3DmxRYqL/yDc+FxFUVYhDlXMhRmv3z915w2HF1tnN1omB354j8VUGO/hbRzyD6Y3sA7v7GS/ceog==}
    engines: {node: '>=4'}

  /vue@3.2.27:
    resolution: {integrity: sha512-p1cH8Q6eaPwvANCjFQj497a914cxXKKwOG3Lg9USddTOrn4/zFMKjn9dnovkx+L8VtFaNgbVqW8mLJS/eTA6xw==}
    dependencies:
      '@vue/compiler-dom': 3.2.27
      '@vue/compiler-sfc': 3.2.27
      '@vue/runtime-dom': 3.2.27
      '@vue/server-renderer': 3.2.27(vue@3.2.27)
      '@vue/shared': 3.2.27
    dev: false
